{
  "requires": true,
  "lockfileVersion": 1,
  "dependencies": {
    "@supercharge/request-ip": {
      "version": "1.1.2",
      "resolved": "https://registry.npmjs.org/@supercharge/request-ip/-/request-ip-1.1.2.tgz",
      "integrity": "sha512-mtryG/uiSIVT0ga8A/F9hNEuBSbDxW7/m9PEtxIHqdkE/vr766m17mtLPhrXA4q4T+Qw44+33mg3Rtkl7o+OvQ=="
    }
  }
}
